{
    "_readme": [
        "This file locks the dependencies of your project to a known state",
        "Read more about it at https://getcomposer.org/doc/01-basic-usage.md#installing-dependencies",
        "This file is @generated automatically"
    ],
    "content-hash": "fffeaf713fe829f8fd2210f479429b7f",
    "packages": [
        {
            "name": "fkooman/oauth2-server",
            "version": "7.5.0",
            "source": {
                "type": "git",
                "url": "https://git.sr.ht/~fkooman/php-oauth2-server",
                "reference": "acb092fb108db86405201aae512d82d808a6bca3"
            },
            "require": {
                "ext-date": "*",
                "ext-hash": "*",
                "ext-json": "*",
                "ext-pcre": "*",
                "ext-pdo": "*",
                "ext-sodium": "*",
                "ext-spl": "*",
                "php": ">=7.4"
            },
            "require-dev": {
                "ext-pdo_sqlite": "*",
                "fkooman/put": "^0"
            },
            "type": "library",
            "autoload": {
                "psr-4": {
                    "fkooman\\OAuth\\Server\\": "src/"
                }
            },
            "autoload-dev": {
                "psr-4": {
                    "fkooman\\OAuth\\Server\\Tests\\": "tests/"
                }
            },
            "license": [
                "MIT"
            ],
            "authors": [
                {
                    "email": "fkooman@tuxed.net",
                    "name": "François Kooman"
                }
            ],
            "description": "Simple and secure OAuth 2.0 server",
            "support": {
                "email": "fkooman@tuxed.net",
                "source": "https://git.sr.ht/~fkooman/php-oauth2-server"
            },
            "time": "2023-02-06T13:04:29+00:00"
        },
        {
            "name": "fkooman/secookie",
            "version": "6.2.0",
            "source": {
                "type": "git",
                "url": "https://git.sr.ht/~fkooman/php-secookie",
                "reference": "d1d5672f1a9aaad8e2d018ce892da6f6351ade54"
            },
            "require": {
                "ext-date": "*",
                "ext-intl": "*",
                "ext-json": "*",
                "ext-pcre": "*",
                "ext-sodium": "*",
                "php": ">=7.4"
            },
            "require-dev": {
                "ext-pdo_sqlite": "*",
                "fkooman/put": "^0"
            },
            "type": "library",
            "autoload": {
                "psr-4": {
                    "fkooman\\SeCookie\\": "src/"
                }
            },
            "autoload-dev": {
                "psr-4": {
                    "fkooman\\SeCookie\\Tests\\": "tests/"
                }
            },
            "license": [
                "MIT"
            ],
            "authors": [
                {
                    "email": "fkooman@tuxed.net",
                    "name": "François Kooman"
                }
            ],
            "description": "Modern HTTP cookie and session library",
            "support": {
                "email": "fkooman@tuxed.net",
                "source": "https://git.sr.ht/~fkooman/php-secookie"
            },
            "time": "2023-02-08T07:52:12+00:00"
        }
    ],
    "packages-dev": [
        {
            "name": "fkooman/put",
            "version": "0.3.3",
            "source": {
                "type": "git",
                "url": "https://git.sr.ht/~fkooman/put",
                "reference": "b844f69a80c14fb7ff8e9c3919b2a85eb2dd37f4"
            },
            "require": {
                "php": ">=5.4"
            },
            "suggest": {
                "ext-pcov": "Code Coverage"
            },
            "bin": [
                "bin/put"
            ],
            "type": "project",
            "autoload": {
                "classmap": [
                    "src/TestCase.php"
                ],
                "psr-4": {
                    "fkooman\\Put\\": "src/"
                }
            },
            "license": [
                "MIT"
            ],
            "authors": [
                {
                    "email": "fkooman@tuxed.net",
                    "name": "François Kooman"
                }
            ],
            "description": "PHP Unit Testing for Minimalists",
            "time": "2022-11-07T09:40:25+00:00"
        },
        {
            "name": "fkooman/saml-sp",
            "version": "2.1.1",
            "source": {
                "type": "git",
                "url": "https://git.sr.ht/~fkooman/php-saml-sp",
                "reference": "aa6f1b7954388c036008c786aa1cc33973a1ade5"
            },
            "require": {
                "ext-curl": "*",
                "ext-date": "*",
                "ext-dom": "*",
                "ext-filter": "*",
                "ext-hash": "*",
                "ext-libxml": "*",
                "ext-openssl": "*",
                "ext-pcre": "*",
                "ext-sodium": "*",
                "ext-spl": "*",
                "ext-zlib": "*",
                "fkooman/secookie": "^6",
                "php": ">=7.4"
            },
            "require-dev": {
                "fkooman/put": "^0"
            },
            "type": "project",
            "autoload": {
                "psr-4": {
                    "fkooman\\SAML\\SP\\": "src/"
                }
            },
            "autoload-dev": {
                "psr-4": {
                    "fkooman\\SAML\\SP\\Tests\\": "tests/"
                }
            },
            "license": [
                "MIT"
            ],
            "authors": [
                {
                    "email": "fkooman@tuxed.net",
                    "name": "François Kooman"
                }
            ],
            "description": "Secure SAML Service Provider",
            "support": {
                "email": "fkooman@tuxed.net",
                "source": "https://git.sr.ht/~fkooman/php-saml-sp"
            },
            "time": "2023-02-01T12:23:55+00:00"
        }
    ],
    "aliases": [],
    "minimum-stability": "stable",
    "stability-flags": [],
    "prefer-stable": false,
    "prefer-lowest": false,
    "platform": {
        "ext-curl": "*",
        "ext-date": "*",
        "ext-filter": "*",
        "ext-gmp": "*",
        "ext-hash": "*",
        "ext-json": "*",
        "ext-mbstring": "*",
        "ext-openssl": "*",
        "ext-pcre": "*",
        "ext-pdo": "*",
        "ext-pdo_sqlite": "*",
        "ext-sodium": "*",
        "ext-spl": "*",
        "php": ">=7.4"
    },
    "platform-dev": [],
    "platform-overrides": {
        "php": "7.4.0"
    },
    "plugin-api-version": "2.3.0"
}
