{
    "_readme": [
        "This file locks the dependencies of your project to a known state",
        "Read more about it at https://getcomposer.org/doc/01-basic-usage.md#installing-dependencies",
        "This file is @generated automatically"
    ],
    "content-hash": "b2b0ddb1c8c0cdc85e1901e816c141b1",
    "packages": [
        {
            "name": "fkooman/oauth2-server",
            "version": "7.2.0",
            "source": {
                "type": "git",
                "url": "https://git.sr.ht/~fkooman/php-oauth2-server",
                "reference": "dedb78ebb37d72ae6c5fb8ece41faba52a60a68f"
            },
            "require": {
                "ext-date": "*",
                "ext-hash": "*",
                "ext-json": "*",
                "ext-mbstring": "*",
                "ext-pcre": "*",
                "ext-pdo": "*",
                "ext-sodium": "*",
                "ext-spl": "*",
                "php": ">=7.4"
            },
            "require-dev": {
                "ext-pdo_sqlite": "*",
                "friendsofphp/php-cs-fixer": "^3",
                "phploc/phploc": "^7",
                "phpstan/phpstan": "^1",
                "phpunit/phpunit": "^9",
                "vimeo/psalm": "^4"
            },
            "type": "library",
            "autoload": {
                "psr-4": {
                    "fkooman\\OAuth\\Server\\": "src/"
                }
            },
            "autoload-dev": {
                "psr-4": {
                    "fkooman\\OAuth\\Server\\Tests\\": "tests/"
                }
            },
            "license": [
                "MIT"
            ],
            "authors": [
                {
                    "email": "fkooman@tuxed.net",
                    "name": "François Kooman"
                }
            ],
            "description": "Simple and secure OAuth 2.0 server",
            "support": {
                "email": "fkooman@tuxed.net",
                "source": "https://git.sr.ht/~fkooman/php-oauth2-server"
            },
            "time": "2022-10-14T12:27:00+00:00"
        },
        {
            "name": "fkooman/secookie",
            "version": "6.0.0",
            "source": {
                "type": "git",
                "url": "https://git.sr.ht/~fkooman/php-secookie",
                "reference": "8b62776b337647021225c09710bd5333473128d8"
            },
            "require": {
                "ext-date": "*",
                "ext-intl": "*",
                "ext-pcre": "*",
                "ext-sodium": "*",
                "php": ">=7.4"
            },
            "require-dev": {
                "ext-pdo_sqlite": "*",
                "phpunit/phpunit": "^9"
            },
            "type": "library",
            "autoload": {
                "psr-4": {
                    "fkooman\\SeCookie\\": "src/"
                }
            },
            "autoload-dev": {
                "psr-4": {
                    "fkooman\\SeCookie\\Tests\\": "tests/"
                }
            },
            "license": [
                "MIT"
            ],
            "authors": [
                {
                    "email": "fkooman@tuxed.net",
                    "name": "François Kooman"
                }
            ],
            "description": "Modern HTTP cookie and session library",
            "support": {
                "email": "fkooman@tuxed.net",
                "source": "https://git.sr.ht/~fkooman/php-secookie"
            },
            "time": "2021-12-21T16:38:08+00:00"
        }
    ],
    "packages-dev": [
        {
            "name": "fkooman/put",
            "version": "0.3.2",
            "source": {
                "type": "git",
                "url": "https://git.sr.ht/~fkooman/put",
                "reference": "97205bddbd4224364e7514ac698abc6f27b83353"
            },
            "require": {
                "php": ">=5.4"
            },
            "suggest": {
                "ext-pcov": "Code Coverage"
            },
            "bin": [
                "bin/put"
            ],
            "type": "project",
            "autoload": {
                "classmap": [
                    "src/TestCase.php"
                ],
                "psr-4": {
                    "fkooman\\Put\\": "src/"
                }
            },
            "license": [
                "MIT"
            ],
            "authors": [
                {
                    "email": "fkooman@tuxed.net",
                    "name": "François Kooman"
                }
            ],
            "description": "PHP Unit Testing for Minimalists",
            "time": "2022-10-27T16:03:13+00:00"
        },
        {
            "name": "fkooman/saml-sp",
            "version": "2.0.1",
            "source": {
                "type": "git",
                "url": "https://git.sr.ht/~fkooman/php-saml-sp",
                "reference": "de7686614e0952b5f632cb71101c139e8484ac61"
            },
            "require": {
                "ext-curl": "*",
                "ext-date": "*",
                "ext-dom": "*",
                "ext-filter": "*",
                "ext-hash": "*",
                "ext-libxml": "*",
                "ext-openssl": "*",
                "ext-pcre": "*",
                "ext-sodium": "*",
                "ext-spl": "*",
                "ext-zlib": "*",
                "fkooman/secookie": "^6",
                "php": ">=7.4"
            },
            "require-dev": {
                "friendsofphp/php-cs-fixer": "^2",
                "phpunit/phpunit": "^9"
            },
            "type": "project",
            "autoload": {
                "psr-4": {
                    "fkooman\\SAML\\SP\\": "src/"
                }
            },
            "autoload-dev": {
                "psr-4": {
                    "fkooman\\SAML\\SP\\Tests\\": "tests/"
                }
            },
            "license": [
                "MIT"
            ],
            "authors": [
                {
                    "email": "fkooman@tuxed.net",
                    "name": "François Kooman"
                }
            ],
            "description": "Secure SAML Service Provider",
            "support": {
                "email": "fkooman@tuxed.net",
                "source": "https://git.sr.ht/~fkooman/php-saml-sp"
            },
            "time": "2022-05-20T09:07:45+00:00"
        }
    ],
    "aliases": [],
    "minimum-stability": "stable",
    "stability-flags": [],
    "prefer-stable": false,
    "prefer-lowest": false,
    "platform": {
        "ext-curl": "*",
        "ext-date": "*",
        "ext-filter": "*",
        "ext-gmp": "*",
        "ext-hash": "*",
        "ext-json": "*",
        "ext-mbstring": "*",
        "ext-openssl": "*",
        "ext-pcre": "*",
        "ext-pdo": "*",
        "ext-pdo_sqlite": "*",
        "ext-sodium": "*",
        "ext-spl": "*",
        "php": ">=7.4"
    },
    "platform-dev": [],
    "platform-overrides": {
        "php": "7.4.0"
    },
    "plugin-api-version": "2.3.0"
}
